
Microsoft Visual Studio Solution File, Format Version 12.00
# Visual Studio Version 16
VisualStudioVersion = 16.0.32126.315
MinimumVisualStudioVersion = 10.0.40219.1
Project("{8BC9CEB8-8B4A-11D0-8D11-00A0C91BC942}") = "Task3", "Task3\Task3.vcxproj", "{2C8845A0-41D5-4484-BEE7-1F390A35EBA9}"
EndProject
Global
	GlobalSection(SolutionConfigurationPlatforms) = preSolution
		Debug|x64 = Debug|x64
		Debug|x86 = Debug|x86
		Release|x64 = Release|x64
		Release|x86 = Release|x86
	EndGlobalSection
	GlobalSection(ProjectConfigurationPlatforms) = postSolution
		{2C8845A0-41D5-4484-BEE7-1F390A35EBA9}.Debug|x64.ActiveCfg = Debug|x64
		{2C8845A0-41D5-4484-BEE7-1F390A35EBA9}.Debug|x64.Build.0 = Debug|x64
		{2C8845A0-41D5-4484-BEE7-1F390A35EBA9}.Debug|x86.ActiveCfg = Debug|Win32
		{2C8845A0-41D5-4484-BEE7-1F390A35EBA9}.Debug|x86.Build.0 = Debug|Win32
		{2C8845A0-41D5-4484-BEE7-1F390A35EBA9}.Release|x64.ActiveCfg = Release|x64
		{2C8845A0-41D5-4484-BEE7-1F390A35EBA9}.Release|x64.Build.0 = Release|x64
		{2C8845A0-41D5-4484-BEE7-1F390A35EBA9}.Release|x86.ActiveCfg = Release|Win32
		{2C8845A0-41D5-4484-BEE7-1F390A35EBA9}.Release|x86.Build.0 = Release|Win32
	EndGlobalSection
	GlobalSection(SolutionProperties) = preSolution
		HideSolutionNode = FALSE
	EndGlobalSection
	GlobalSection(ExtensibilityGlobals) = postSolution
		SolutionGuid = {4355A3A1-E825-4E3E-BFC7-92C53631878D}
	EndGlobalSection
EndGlobal
